
Microsoft Visual Studio Solution File, Format Version 12.00
# Visual Studio 15
VisualStudioVersion = 15.0.26124.0
MinimumVisualStudioVersion = 15.0.26124.0
Project("{FAE04EC0-301F-11D3-BF4B-00C04F79EFBC}") = "Domain", "Domain\Domain.csproj", "{D8D721B0-CA93-4CC2-8999-ABFDBF5A16A5}"
EndProject
Project("{FAE04EC0-301F-11D3-BF4B-00C04F79EFBC}") = "Application", "Application\Application.csproj", "{9D5C1BFB-5CCE-4B58-88BC-ACEB1148BA61}"
EndProject
Project("{FAE04EC0-301F-11D3-BF4B-00C04F79EFBC}") = "Persistence", "Persistence\Persistence.csproj", "{2264D886-F6F1-4F82-848C-0E40C72B9C89}"
EndProject
Project("{FAE04EC0-301F-11D3-BF4B-00C04F79EFBC}") = "API", "API\API.csproj", "{CA7408F1-0DAA-434C-9A6E-97A0510B98AD}"
EndProject
Project("{FAE04EC0-301F-11D3-BF4B-00C04F79EFBC}") = "Infrastructure", "Infrastructure\Infrastructure.csproj", "{E0A5F8CB-5360-4F91-9B23-0EA865A3551F}"
EndProject
Global
	GlobalSection(SolutionConfigurationPlatforms) = preSolution
		Debug|Any CPU = Debug|Any CPU
		Debug|x64 = Debug|x64
		Debug|x86 = Debug|x86
		Release|Any CPU = Release|Any CPU
		Release|x64 = Release|x64
		Release|x86 = Release|x86
	EndGlobalSection
	GlobalSection(SolutionProperties) = preSolution
		HideSolutionNode = FALSE
	EndGlobalSection
	GlobalSection(ProjectConfigurationPlatforms) = postSolution
		{D8D721B0-CA93-4CC2-8999-ABFDBF5A16A5}.Debug|Any CPU.ActiveCfg = Debug|Any CPU
		{D8D721B0-CA93-4CC2-8999-ABFDBF5A16A5}.Debug|Any CPU.Build.0 = Debug|Any CPU
		{D8D721B0-CA93-4CC2-8999-ABFDBF5A16A5}.Debug|x64.ActiveCfg = Debug|Any CPU
		{D8D721B0-CA93-4CC2-8999-ABFDBF5A16A5}.Debug|x64.Build.0 = Debug|Any CPU
		{D8D721B0-CA93-4CC2-8999-ABFDBF5A16A5}.Debug|x86.ActiveCfg = Debug|Any CPU
		{D8D721B0-CA93-4CC2-8999-ABFDBF5A16A5}.Debug|x86.Build.0 = Debug|Any CPU
		{D8D721B0-CA93-4CC2-8999-ABFDBF5A16A5}.Release|Any CPU.ActiveCfg = Release|Any CPU
		{D8D721B0-CA93-4CC2-8999-ABFDBF5A16A5}.Release|Any CPU.Build.0 = Release|Any CPU
		{D8D721B0-CA93-4CC2-8999-ABFDBF5A16A5}.Release|x64.ActiveCfg = Release|Any CPU
		{D8D721B0-CA93-4CC2-8999-ABFDBF5A16A5}.Release|x64.Build.0 = Release|Any CPU
		{D8D721B0-CA93-4CC2-8999-ABFDBF5A16A5}.Release|x86.ActiveCfg = Release|Any CPU
		{D8D721B0-CA93-4CC2-8999-ABFDBF5A16A5}.Release|x86.Build.0 = Release|Any CPU
		{9D5C1BFB-5CCE-4B58-88BC-ACEB1148BA61}.Debug|Any CPU.ActiveCfg = Debug|Any CPU
		{9D5C1BFB-5CCE-4B58-88BC-ACEB1148BA61}.Debug|Any CPU.Build.0 = Debug|Any CPU
		{9D5C1BFB-5CCE-4B58-88BC-ACEB1148BA61}.Debug|x64.ActiveCfg = Debug|Any CPU
		{9D5C1BFB-5CCE-4B58-88BC-ACEB1148BA61}.Debug|x64.Build.0 = Debug|Any CPU
		{9D5C1BFB-5CCE-4B58-88BC-ACEB1148BA61}.Debug|x86.ActiveCfg = Debug|Any CPU
		{9D5C1BFB-5CCE-4B58-88BC-ACEB1148BA61}.Debug|x86.Build.0 = Debug|Any CPU
		{9D5C1BFB-5CCE-4B58-88BC-ACEB1148BA61}.Release|Any CPU.ActiveCfg = Release|Any CPU
		{9D5C1BFB-5CCE-4B58-88BC-ACEB1148BA61}.Release|Any CPU.Build.0 = Release|Any CPU
		{9D5C1BFB-5CCE-4B58-88BC-ACEB1148BA61}.Release|x64.ActiveCfg = Release|Any CPU
		{9D5C1BFB-5CCE-4B58-88BC-ACEB1148BA61}.Release|x64.Build.0 = Release|Any CPU
		{9D5C1BFB-5CCE-4B58-88BC-ACEB1148BA61}.Release|x86.ActiveCfg = Release|Any CPU
		{9D5C1BFB-5CCE-4B58-88BC-ACEB1148BA61}.Release|x86.Build.0 = Release|Any CPU
		{2264D886-F6F1-4F82-848C-0E40C72B9C89}.Debug|Any CPU.ActiveCfg = Debug|Any CPU
		{2264D886-F6F1-4F82-848C-0E40C72B9C89}.Debug|Any CPU.Build.0 = Debug|Any CPU
		{2264D886-F6F1-4F82-848C-0E40C72B9C89}.Debug|x64.ActiveCfg = Debug|Any CPU
		{2264D886-F6F1-4F82-848C-0E40C72B9C89}.Debug|x64.Build.0 = Debug|Any CPU
		{2264D886-F6F1-4F82-848C-0E40C72B9C89}.Debug|x86.ActiveCfg = Debug|Any CPU
		{2264D886-F6F1-4F82-848C-0E40C72B9C89}.Debug|x86.Build.0 = Debug|Any CPU
		{2264D886-F6F1-4F82-848C-0E40C72B9C89}.Release|Any CPU.ActiveCfg = Release|Any CPU
		{2264D886-F6F1-4F82-848C-0E40C72B9C89}.Release|Any CPU.Build.0 = Release|Any CPU
		{2264D886-F6F1-4F82-848C-0E40C72B9C89}.Release|x64.ActiveCfg = Release|Any CPU
		{2264D886-F6F1-4F82-848C-0E40C72B9C89}.Release|x64.Build.0 = Release|Any CPU
		{2264D886-F6F1-4F82-848C-0E40C72B9C89}.Release|x86.ActiveCfg = Release|Any CPU
		{2264D886-F6F1-4F82-848C-0E40C72B9C89}.Release|x86.Build.0 = Release|Any CPU
		{CA7408F1-0DAA-434C-9A6E-97A0510B98AD}.Debug|Any CPU.ActiveCfg = Debug|Any CPU
		{CA7408F1-0DAA-434C-9A6E-97A0510B98AD}.Debug|Any CPU.Build.0 = Debug|Any CPU
		{CA7408F1-0DAA-434C-9A6E-97A0510B98AD}.Debug|x64.ActiveCfg = Debug|Any CPU
		{CA7408F1-0DAA-434C-9A6E-97A0510B98AD}.Debug|x64.Build.0 = Debug|Any CPU
		{CA7408F1-0DAA-434C-9A6E-97A0510B98AD}.Debug|x86.ActiveCfg = Debug|Any CPU
		{CA7408F1-0DAA-434C-9A6E-97A0510B98AD}.Debug|x86.Build.0 = Debug|Any CPU
		{CA7408F1-0DAA-434C-9A6E-97A0510B98AD}.Release|Any CPU.ActiveCfg = Release|Any CPU
		{CA7408F1-0DAA-434C-9A6E-97A0510B98AD}.Release|Any CPU.Build.0 = Release|Any CPU
		{CA7408F1-0DAA-434C-9A6E-97A0510B98AD}.Release|x64.ActiveCfg = Release|Any CPU
		{CA7408F1-0DAA-434C-9A6E-97A0510B98AD}.Release|x64.Build.0 = Release|Any CPU
		{CA7408F1-0DAA-434C-9A6E-97A0510B98AD}.Release|x86.ActiveCfg = Release|Any CPU
		{CA7408F1-0DAA-434C-9A6E-97A0510B98AD}.Release|x86.Build.0 = Release|Any CPU
		{E0A5F8CB-5360-4F91-9B23-0EA865A3551F}.Debug|Any CPU.ActiveCfg = Debug|Any CPU
		{E0A5F8CB-5360-4F91-9B23-0EA865A3551F}.Debug|Any CPU.Build.0 = Debug|Any CPU
		{E0A5F8CB-5360-4F91-9B23-0EA865A3551F}.Debug|x64.ActiveCfg = Debug|Any CPU
		{E0A5F8CB-5360-4F91-9B23-0EA865A3551F}.Debug|x64.Build.0 = Debug|Any CPU
		{E0A5F8CB-5360-4F91-9B23-0EA865A3551F}.Debug|x86.ActiveCfg = Debug|Any CPU
		{E0A5F8CB-5360-4F91-9B23-0EA865A3551F}.Debug|x86.Build.0 = Debug|Any CPU
		{E0A5F8CB-5360-4F91-9B23-0EA865A3551F}.Release|Any CPU.ActiveCfg = Release|Any CPU
		{E0A5F8CB-5360-4F91-9B23-0EA865A3551F}.Release|Any CPU.Build.0 = Release|Any CPU
		{E0A5F8CB-5360-4F91-9B23-0EA865A3551F}.Release|x64.ActiveCfg = Release|Any CPU
		{E0A5F8CB-5360-4F91-9B23-0EA865A3551F}.Release|x64.Build.0 = Release|Any CPU
		{E0A5F8CB-5360-4F91-9B23-0EA865A3551F}.Release|x86.ActiveCfg = Release|Any CPU
		{E0A5F8CB-5360-4F91-9B23-0EA865A3551F}.Release|x86.Build.0 = Release|Any CPU
	EndGlobalSection
EndGlobal
